
Microsoft Visual Studio Solution File, Format Version 12.00
# Visual Studio Express 2012 for Web
Project("{FAE04EC0-301F-11D3-BF4B-00C04F79EFBC}") = "WebBlocks", "WebBlocks\WebBlocks.csproj", "{71BE79B7-8148-446B-B44B-8F12D1EAF734}"
EndProject
Project("{FAE04EC0-301F-11D3-BF4B-00C04F79EFBC}") = "WebBlocks.Model", "WebBlocks.Model\WebBlocks.Model.csproj", "{7198E4C7-F43C-43CC-B2D5-E7E903C1277B}"
EndProject
Project("{FAE04EC0-301F-11D3-BF4B-00C04F79EFBC}") = "WebBlocks.Utilities", "WebBlocks.Utilities\WebBlocks.Utilities.csproj", "{81284FFC-C9D3-4CA1-9683-1ADB0B80EAD5}"
EndProject
Project("{FAE04EC0-301F-11D3-BF4B-00C04F79EFBC}") = "WebBlocks.SandboxV6", "WebBlocks.SandboxV6\WebBlocks.SandboxV6.csproj", "{F52A3F81-1F02-4750-8859-11ADDCDB0FB4}"
EndProject
Project("{FAE04EC0-301F-11D3-BF4B-00C04F79EFBC}") = "WebBlocks.Interfaces", "WebBlocks.Interfaces\WebBlocks.Interfaces.csproj", "{9DF2B481-A599-47C0-A664-7AA882949DD3}"
EndProject
Project("{FAE04EC0-301F-11D3-BF4B-00C04F79EFBC}") = "WebBlocks.Providers", "WebBlocks.Providers\WebBlocks.Providers.csproj", "{1E55512A-7F3D-4D6F-971B-07C495FA0C68}"
EndProject
Global
	GlobalSection(SolutionConfigurationPlatforms) = preSolution
		Debug|Any CPU = Debug|Any CPU
		Release|Any CPU = Release|Any CPU
	EndGlobalSection
	GlobalSection(ProjectConfigurationPlatforms) = postSolution
		{71BE79B7-8148-446B-B44B-8F12D1EAF734}.Debug|Any CPU.ActiveCfg = Release|Any CPU
		{71BE79B7-8148-446B-B44B-8F12D1EAF734}.Debug|Any CPU.Build.0 = Release|Any CPU
		{71BE79B7-8148-446B-B44B-8F12D1EAF734}.Release|Any CPU.ActiveCfg = Release|Any CPU
		{71BE79B7-8148-446B-B44B-8F12D1EAF734}.Release|Any CPU.Build.0 = Release|Any CPU
		{7198E4C7-F43C-43CC-B2D5-E7E903C1277B}.Debug|Any CPU.ActiveCfg = Debug|Any CPU
		{7198E4C7-F43C-43CC-B2D5-E7E903C1277B}.Debug|Any CPU.Build.0 = Debug|Any CPU
		{7198E4C7-F43C-43CC-B2D5-E7E903C1277B}.Release|Any CPU.ActiveCfg = Release|Any CPU
		{7198E4C7-F43C-43CC-B2D5-E7E903C1277B}.Release|Any CPU.Build.0 = Release|Any CPU
		{81284FFC-C9D3-4CA1-9683-1ADB0B80EAD5}.Debug|Any CPU.ActiveCfg = Debug|Any CPU
		{81284FFC-C9D3-4CA1-9683-1ADB0B80EAD5}.Debug|Any CPU.Build.0 = Debug|Any CPU
		{81284FFC-C9D3-4CA1-9683-1ADB0B80EAD5}.Release|Any CPU.ActiveCfg = Release|Any CPU
		{81284FFC-C9D3-4CA1-9683-1ADB0B80EAD5}.Release|Any CPU.Build.0 = Release|Any CPU
		{F52A3F81-1F02-4750-8859-11ADDCDB0FB4}.Debug|Any CPU.ActiveCfg = Debug|Any CPU
		{F52A3F81-1F02-4750-8859-11ADDCDB0FB4}.Debug|Any CPU.Build.0 = Debug|Any CPU
		{F52A3F81-1F02-4750-8859-11ADDCDB0FB4}.Release|Any CPU.ActiveCfg = Release|Any CPU
		{F52A3F81-1F02-4750-8859-11ADDCDB0FB4}.Release|Any CPU.Build.0 = Release|Any CPU
		{9DF2B481-A599-47C0-A664-7AA882949DD3}.Debug|Any CPU.ActiveCfg = Debug|Any CPU
		{9DF2B481-A599-47C0-A664-7AA882949DD3}.Debug|Any CPU.Build.0 = Debug|Any CPU
		{9DF2B481-A599-47C0-A664-7AA882949DD3}.Release|Any CPU.ActiveCfg = Release|Any CPU
		{9DF2B481-A599-47C0-A664-7AA882949DD3}.Release|Any CPU.Build.0 = Release|Any CPU
		{1E55512A-7F3D-4D6F-971B-07C495FA0C68}.Debug|Any CPU.ActiveCfg = Debug|Any CPU
		{1E55512A-7F3D-4D6F-971B-07C495FA0C68}.Debug|Any CPU.Build.0 = Debug|Any CPU
		{1E55512A-7F3D-4D6F-971B-07C495FA0C68}.Release|Any CPU.ActiveCfg = Release|Any CPU
		{1E55512A-7F3D-4D6F-971B-07C495FA0C68}.Release|Any CPU.Build.0 = Release|Any CPU
	EndGlobalSection
	GlobalSection(SolutionProperties) = preSolution
		HideSolutionNode = FALSE
	EndGlobalSection
EndGlobal
